
Microsoft Visual Studio Solution File, Format Version 11.00
# Visual Studio 2010
Project("{8BC9CEB8-8B4A-11D0-8D11-00A0C91BC942}") = "upd_mavlink", "upd_mavlink\upd_mavlink.vcxproj", "{F303AA70-96EC-4CDE-B5A7-5EEDE4D70BEC}"
EndProject
Global
	GlobalSection(SolutionConfigurationPlatforms) = preSolution
		Debug|Win32 = Debug|Win32
		Debug|x64 = Debug|x64
		Release|Win32 = Release|Win32
		Release|x64 = Release|x64
	EndGlobalSection
	GlobalSection(ProjectConfigurationPlatforms) = postSolution
		{F303AA70-96EC-4CDE-B5A7-5EEDE4D70BEC}.Debug|Win32.ActiveCfg = Debug|Win32
		{F303AA70-96EC-4CDE-B5A7-5EEDE4D70BEC}.Debug|Win32.Build.0 = Debug|Win32
		{F303AA70-96EC-4CDE-B5A7-5EEDE4D70BEC}.Debug|x64.ActiveCfg = Debug|x64
		{F303AA70-96EC-4CDE-B5A7-5EEDE4D70BEC}.Debug|x64.Build.0 = Debug|x64
		{F303AA70-96EC-4CDE-B5A7-5EEDE4D70BEC}.Release|Win32.ActiveCfg = Release|Win32
		{F303AA70-96EC-4CDE-B5A7-5EEDE4D70BEC}.Release|Win32.Build.0 = Release|Win32
		{F303AA70-96EC-4CDE-B5A7-5EEDE4D70BEC}.Release|x64.ActiveCfg = Release|x64
		{F303AA70-96EC-4CDE-B5A7-5EEDE4D70BEC}.Release|x64.Build.0 = Release|x64
	EndGlobalSection
	GlobalSection(SolutionProperties) = preSolution
		HideSolutionNode = FALSE
	EndGlobalSection
EndGlobal
